
Microsoft Visual Studio Solution File, Format Version 12.00
# Visual Studio Version 16
VisualStudioVersion = 16.0.30225.117
MinimumVisualStudioVersion = 10.0.40219.1
Project("{8BC9CEB8-8B4A-11D0-8D11-00A0C91BC942}") = "SemaphoreLearning", "SemaphoreLearning.vcxproj", "{B4807A35-3C7B-4835-BE83-53689636215C}"
EndProject
Global
	GlobalSection(SolutionConfigurationPlatforms) = preSolution
		Debug|x64 = Debug|x64
		Debug|x86 = Debug|x86
		Release|x64 = Release|x64
		Release|x86 = Release|x86
	EndGlobalSection
	GlobalSection(ProjectConfigurationPlatforms) = postSolution
		{B4807A35-3C7B-4835-BE83-53689636215C}.Debug|x64.ActiveCfg = Debug|x64
		{B4807A35-3C7B-4835-BE83-53689636215C}.Debug|x64.Build.0 = Debug|x64
		{B4807A35-3C7B-4835-BE83-53689636215C}.Debug|x86.ActiveCfg = Debug|Win32
		{B4807A35-3C7B-4835-BE83-53689636215C}.Debug|x86.Build.0 = Debug|Win32
		{B4807A35-3C7B-4835-BE83-53689636215C}.Release|x64.ActiveCfg = Release|x64
		{B4807A35-3C7B-4835-BE83-53689636215C}.Release|x64.Build.0 = Release|x64
		{B4807A35-3C7B-4835-BE83-53689636215C}.Release|x86.ActiveCfg = Release|Win32
		{B4807A35-3C7B-4835-BE83-53689636215C}.Release|x86.Build.0 = Release|Win32
	EndGlobalSection
	GlobalSection(SolutionProperties) = preSolution
		HideSolutionNode = FALSE
	EndGlobalSection
	GlobalSection(ExtensibilityGlobals) = postSolution
		SolutionGuid = {57E39551-765D-4376-9F9A-B6815E95ADE4}
	EndGlobalSection
EndGlobal
